
Microsoft Visual Studio Solution File, Format Version 12.00
# Visual Studio Version 16
VisualStudioVersion = 16.0.31702.278
MinimumVisualStudioVersion = 10.0.40219.1
Project("{FAE04EC0-301F-11D3-BF4B-00C04F79EFBC}") = "RccgChildrenManagement", "RccgChildrenManagement\RccgChildrenManagement.csproj", "{FC8AA898-4793-458F-8B75-357A9FACE04B}"
EndProject
Global
	GlobalSection(SolutionConfigurationPlatforms) = preSolution
		Debug|Any CPU = Debug|Any CPU
		Release|Any CPU = Release|Any CPU
	EndGlobalSection
	GlobalSection(ProjectConfigurationPlatforms) = postSolution
		{FC8AA898-4793-458F-8B75-357A9FACE04B}.Debug|Any CPU.ActiveCfg = Debug|Any CPU
		{FC8AA898-4793-458F-8B75-357A9FACE04B}.Debug|Any CPU.Build.0 = Debug|Any CPU
		{FC8AA898-4793-458F-8B75-357A9FACE04B}.Release|Any CPU.ActiveCfg = Release|Any CPU
		{FC8AA898-4793-458F-8B75-357A9FACE04B}.Release|Any CPU.Build.0 = Release|Any CPU
	EndGlobalSection
	GlobalSection(SolutionProperties) = preSolution
		HideSolutionNode = FALSE
	EndGlobalSection
	GlobalSection(ExtensibilityGlobals) = postSolution
		SolutionGuid = {E75D35C7-2050-4E84-B505-647A47A08A44}
	EndGlobalSection
EndGlobal
